// !$*UTF8*$!
{
	archiveVersion = 1;
	classes = {
	};
	objectVersion = 50;
	objects = {

/* Begin PBXBuildFile section */
		FAE3CBAF235E801200B1565F /* AppDelegate.swift in Sources */ = {isa = PBXBuildFile; fileRef = FAE3CBAE235E801200B1565F /* AppDelegate.swift */; };
		FAE3CBB1235E801200B1565F /* ContentView.swift in Sources */ = {isa = PBXBuildFile; fileRef = FAE3CBB0235E801200B1565F /* ContentView.swift */; };
		FAE3CBB3235E801500B1565F /* Assets.xcassets in Resources */ = {isa = PBXBuildFile; fileRef = FAE3CBB2235E801500B1565F /* Assets.xcassets */; };
		FAE3CBB6235E801500B1565F /* Preview Assets.xcassets in Resources */ = {isa = PBXBuildFile; fileRef = FAE3CBB5235E801500B1565F /* Preview Assets.xcassets */; };
		FAE3CBB9235E801500B1565F /* Main.storyboard in Resources */ = {isa = PBXBuildFile; fileRef = FAE3CBB7235E801500B1565F /* Main.storyboard */; };
/* End PBXBuildFile section */

/* Begin PBXFileReference section */
		FAE3CBAB235E801200B1565F /* QuantumElectrodynamics.app */ = {isa = PBXFileReference; explicitFileType = wrapper.application; includeInIndex = 0; path = QuantumElectrodynamics.app; sourceTree = BUILT_PRODUCTS_DIR; };
		FAE3CBAE235E801200B1565F /* AppDelegate.swift */ = {isa = PBXFileReference; lastKnownFileType = sourcecode.swift; path = AppDelegate.swift; sourceTree = "<group>"; };
		FAE3CBB0235E801200B1565F /* ContentView.swift */ = {isa = PBXFileReference; lastKnownFileType = sourcecode.swift; path = ContentView.swift; sourceTree = "<group>"; };
		FAE3CBB2235E801500B1565F /* Assets.xcassets */ = {isa = PBXFileReference; lastKnownFileType = folder.assetcatalog; path = Assets.xcassets; sourceTree = "<group>"; };
		FAE3CBB5235E801500B1565F /* Preview Assets.xcassets */ = {isa = PBXFileReference; lastKnownFileType = folder.assetcatalog; path = "Preview Assets.xcassets"; sourceTree = "<group>"; };
		FAE3CBB8235E801500B1565F /* Base */ = {isa = PBXFileReference; lastKnownFileType = file.storyboard; name = Base; path = Base.lproj/Main.storyboard; sourceTree = "<group>"; };
		FAE3CBBA235E801500B1565F /* Info.plist */ = {isa = PBXFileReference; lastKnownFileType = text.plist.xml; path = Info.plist; sourceTree = "<group>"; };
		FAE3CBBB235E801500B1565F /* QuantumElectrodynamics.entitlements */ = {isa = PBXFileReference; lastKnownFileType = text.plist.entitlements; path = QuantumElectrodynamics.entitlements; sourceTree = "<group>"; };
/* End PBXFileReference section */

/* Begin PBXFrameworksBuildPhase section */
		FAE3CBA8235E801200B1565F /* Frameworks */ = {
			isa = PBXFrameworksBuildPhase;
			buildActionMask = 2147483647;
			files = (
			);
			runOnlyForDeploymentPostprocessing = 0;
		};
/* End PBXFrameworksBuildPhase section */

/* Begin PBXGroup section */
		FAE3CBA2235E801200B1565F = {
			isa = PBXGroup;
			children = (
				FAE3CBAD235E801200B1565F /* QuantumElectrodynamics */,
				FAE3CBAC235E801200B1565F /* Products */,
			);
			sourceTree = "<group>";
		};
		FAE3CBAC235E801200B1565F /* Products */ = {
			isa = PBXGroup;
			children = (
				FAE3CBAB235E801200B1565F /* QuantumElectrodynamics.app */,
			);
			name = Products;
			sourceTree = "<group>";
		};
		FAE3CBAD235E801200B1565F /* QuantumElectrodynamics */ = {
			isa = PBXGroup;
			children = (
				FAE3CBAE235E801200B1565F /* AppDelegate.swift */,
				FAE3CBB0235E801200B1565F /* ContentView.swift */,
				FAE3CBB2235E801500B1565F /* Assets.xcassets */,
				FAE3CBB7235E801500B1565F /* Main.storyboard */,
				FAE3CBBA235E801500B1565F /* Info.plist */,
				FAE3CBBB235E801500B1565F /* QuantumElectrodynamics.entitlements */,
				FAE3CBB4235E801500B1565F /* Preview Content */,
			);
			path = QuantumElectrodynamics;
			sourceTree = "<group>";
		};
		FAE3CBB4235E801500B1565F /* Preview Content */ = {
			isa = PBXGroup;
			children = (
				FAE3CBB5235E801500B1565F /* Preview Assets.xcassets */,
			);
			path = "Preview Content";
			sourceTree = "<group>";
		};
/* End PBXGroup section */

/* Begin PBXNativeTarget section */
		FAE3CBAA235E801200B1565F /* QuantumElectrodynamics */ = {
			isa = PBXNativeTarget;
			buildConfigurationList = FAE3CBBE235E801500B1565F /* Build configuration list for PBXNativeTarget "QuantumElectrodynamics" */;
			buildPhases = (
				FAE3CBA7235E801200B1565F /* Sources */,
				FAE3CBA8235E801200B1565F /* Frameworks */,
				FAE3CBA9235E801200B1565F /* Resources */,
			);
			buildRules = (
			);
			dependencies = (
			);
			name = QuantumElectrodynamics;
			productName = QuantumElectrodynamics;
			productReference = FAE3CBAB235E801200B1565F /* QuantumElectrodynamics.app */;
			productType = "com.apple.product-type.application";
		};
/* End PBXNativeTarget section */

/* Begin PBXProject section */
		FAE3CBA3235E801200B1565F /* Project object */ = {
			isa = PBXProject;
			attributes = {
				LastSwiftUpdateCheck = 1110;
				LastUpgradeCheck = 1110;
				TargetAttributes = {
					FAE3CBAA235E801200B1565F = {
						CreatedOnToolsVersion = 11.1;
					};
				};
			};
			buildConfigurationList = FAE3CBA6235E801200B1565F /* Build configuration list for PBXProject "QuantumElectrodynamics" */;
			compatibilityVersion = "Xcode 9.3";
			developmentRegion = en;
			hasScannedForEncodings = 0;
			knownRegions = (
				en,
				Base,
			);
			mainGroup = FAE3CBA2235E801200B1565F;
			productRefGroup = FAE3CBAC235E801200B1565F /* Products */;
			projectDirPath = "";
			projectRoot = "";
			targets = (
				FAE3CBAA235E801200B1565F /* QuantumElectrodynamics */,
			);
		};
/* End PBXProject section */

/* Begin PBXResourcesBuildPhase section */
		FAE3CBA9235E801200B1565F /* Resources */ = {
			isa = PBXResourcesBuildPhase;
			buildActionMask = 2147483647;
			files = (
				FAE3CBB9235E801500B1565F /* Main.storyboard in Resources */,
				FAE3CBB6235E801500B1565F /* Preview Assets.xcassets in Resources */,
				FAE3CBB3235E801500B1565F /* Assets.xcassets in Resources */,
			);
			runOnlyForDeploymentPostprocessing = 0;
		};
/* End PBXResourcesBuildPhase section */

/* Begin PBXSourcesBuildPhase section */
		FAE3CBA7235E801200B1565F /* Sources */ = {
			isa = PBXSourcesBuildPhase;
			buildActionMask = 2147483647;
			files = (
				FAE3CBB1235E801200B1565F /* ContentView.swift in Sources */,
				FAE3CBAF235E801200B1565F /* AppDelegate.swift in Sources */,
			);
			runOnlyForDeploymentPostprocessing = 0;
		};
/* End PBXSourcesBuildPhase section */

/* Begin PBXVariantGroup section */
		FAE3CBB7235E801500B1565F /* Main.storyboard */ = {
			isa = PBXVariantGroup;
			children = (
				FAE3CBB8235E801500B1565F /* Base */,
			);
			name = Main.storyboard;
			sourceTree = "<group>";
		};
/* End PBXVariantGroup section */

/* Begin XCBuildConfiguration section */
		FAE3CBBC235E801500B1565F /* Debug */ = {
			isa = XCBuildConfiguration;
			buildSettings = {
				ALWAYS_SEARCH_USER_PATHS = NO;
				CLANG_ANALYZER_NONNULL = YES;
				CLANG_ANALYZER_NUMBER_OBJECT_CONVERSION = YES_AGGRESSIVE;
				CLANG_CXX_LANGUAGE_STANDARD = "gnu++14";
				CLANG_CXX_LIBRARY = "libc++";
				CLANG_ENABLE_MODULES = YES;
				CLANG_ENABLE_OBJC_ARC = YES;
				CLANG_ENABLE_OBJC_WEAK = YES;
				CLANG_WARN_BLOCK_CAPTURE_AUTORELEASING = YES;
				CLANG_WARN_BOOL_CONVERSION = YES;
				CLANG_WARN_COMMA = YES;
				CLANG_WARN_CONSTANT_CONVERSION = YES;
				CLANG_WARN_DEPRECATED_OBJC_IMPLEMENTATIONS = YES;
				CLANG_WARN_DIRECT_OBJC_ISA_USAGE = YES_ERROR;
				CLANG_WARN_DOCUMENTATION_COMMENTS = YES;
				CLANG_WARN_EMPTY_BODY = YES;
				CLANG_WARN_ENUM_CONVERSION = YES;
				CLANG_WARN_INFINITE_RECURSION = YES;
				CLANG_WARN_INT_CONVERSION = YES;
				CLANG_WARN_NON_LITERAL_NULL_CONVERSION = YES;
				CLANG_WARN_OBJC_IMPLICIT_RETAIN_SELF = YES;
				CLANG_WARN_OBJC_LITERAL_CONVERSION = YES;
				CLANG_WARN_OBJC_ROOT_CLASS = YES_ERROR;
				CLANG_WARN_RANGE_LOOP_ANALYSIS = YES;
				CLANG_WARN_STRICT_PROTOTYPES = YES;
				CLANG_WARN_SUSPICIOUS_MOVE = YES;
				CLANG_WARN_UNGUARDED_AVAILABILITY = YES_AGGRESSIVE;
				CLANG_WARN_UNREACHABLE_CODE = YES;
				CLANG_WARN__DUPLICATE_METHOD_MATCH = YES;
				COPY_PHASE_STRIP = NO;
				DEBUG_INFORMATION_FORMAT = dwarf;
				ENABLE_STRICT_OBJC_MSGSEND = YES;
				ENABLE_TESTABILITY = YES;
				GCC_C_LANGUAGE_STANDARD = gnu11;
				GCC_DYNAMIC_NO_PIC = NO;
				GCC_NO_COMMON_BLOCKS = YES;
				GCC_OPTIMIZATION_LEVEL = 0;
				GCC_PREPROCESSOR_DEFINITIONS = (
					"DEBUG=1",
					"$(inherited)",
				);
				GCC_WARN_64_TO_32_BIT_CONVERSION = YES;
				GCC_WARN_ABOUT_RETURN_TYPE = YES_ERROR;
				GCC_WARN_UNDECLARED_SELECTOR = YES;
				GCC_WARN_UNINITIALIZED_AUTOS = YES_AGGRESSIVE;
				GCC_WARN_UNUSED_FUNCTION = YES;
				GCC_WARN_UNUSED_VARIABLE = YES;
				MACOSX_DEPLOYMENT_TARGET = 10.14;
				MTL_ENABLE_DEBUG_INFO = INCLUDE_SOURCE;
				MTL_FAST_MATH = YES;
				ONLY_ACTIVE_ARCH = YES;
				SDKROOT = macosx;
				SWIFT_ACTIVE_COMPILATION_CONDITIONS = DEBUG;
				SWIFT_OPTIMIZATION_LEVEL = "-Onone";
			};
			name = Debug;
		};
		FAE3CBBD235E801500B1565F /* Release */ = {
			isa = XCBuildConfiguration;
			buildSettings = {
				ALWAYS_SEARCH_USER_PATHS = NO;
				CLANG_ANALYZER_NONNULL = YES;
				CLANG_ANALYZER_NUMBER_OBJECT_CONVERSION = YES_AGGRESSIVE;
				CLANG_CXX_LANGUAGE_STANDARD = "gnu++14";
				CLANG_CXX_LIBRARY = "libc++";
				CLANG_ENABLE_MODULES = YES;
				CLANG_ENABLE_OBJC_ARC = YES;
				CLANG_ENABLE_OBJC_WEAK = YES;
				CLANG_WARN_BLOCK_CAPTURE_AUTORELEASING = YES;
				CLANG_WARN_BOOL_CONVERSION = YES;
				CLANG_WARN_COMMA = YES;
				CLANG_WARN_CONSTANT_CONVERSION = YES;
				CLANG_WARN_DEPRECATED_OBJC_IMPLEMENTATIONS = YES;
				CLANG_WARN_DIRECT_OBJC_ISA_USAGE = YES_ERROR;
				CLANG_WARN_DOCUMENTATION_COMMENTS = YES;
				CLANG_WARN_EMPTY_BODY = YES;
				CLANG_WARN_ENUM_CONVERSION = YES;
				CLANG_WARN_INFINITE_RECURSION = YES;
				CLANG_WARN_INT_CONVERSION = YES;
				CLANG_WARN_NON_LITERAL_NULL_CONVERSION = YES;
				CLANG_WARN_OBJC_IMPLICIT_RETAIN_SELF = YES;
				CLANG_WARN_OBJC_LITERAL_CONVERSION = YES;
				CLANG_WARN_OBJC_ROOT_CLASS = YES_ERROR;
				CLANG_WARN_RANGE_LOOP_ANALYSIS = YES;
				CLANG_WARN_STRICT_PROTOTYPES = YES;
				CLANG_WARN_SUSPICIOUS_MOVE = YES;
				CLANG_WARN_UNGUARDED_AVAILABILITY = YES_AGGRESSIVE;
				CLANG_WARN_UNREACHABLE_CODE = YES;
				CLANG_WARN__DUPLICATE_METHOD_MATCH = YES;
				COPY_PHASE_STRIP = NO;
				DEBUG_INFORMATION_FORMAT = "dwarf-with-dsym";
				ENABLE_NS_ASSERTIONS = NO;
				ENABLE_STRICT_OBJC_MSGSEND = YES;
				GCC_C_LANGUAGE_STANDARD = gnu11;
				GCC_NO_COMMON_BLOCKS = YES;
				GCC_WARN_64_TO_32_BIT_CONVERSION = YES;
				GCC_WARN_ABOUT_RETURN_TYPE = YES_ERROR;
				GCC_WARN_UNDECLARED_SELECTOR = YES;
				GCC_WARN_UNINITIALIZED_AUTOS = YES_AGGRESSIVE;
				GCC_WARN_UNUSED_FUNCTION = YES;
				GCC_WARN_UNUSED_VARIABLE = YES;
				MACOSX_DEPLOYMENT_TARGET = 10.14;
				MTL_ENABLE_DEBUG_INFO = NO;
				MTL_FAST_MATH = YES;
				SDKROOT = macosx;
				SWIFT_COMPILATION_MODE = wholemodule;
				SWIFT_OPTIMIZATION_LEVEL = "-O";
			};
			name = Release;
		};
		FAE3CBBF235E801500B1565F /* Debug */ = {
			isa = XCBuildConfiguration;
			buildSettings = {
				ASSETCATALOG_COMPILER_APPICON_NAME = AppIcon;
				CODE_SIGN_ENTITLEMENTS = QuantumElectrodynamics/QuantumElectrodynamics.entitlements;
				CODE_SIGN_STYLE = Automatic;
				COMBINE_HIDPI_IMAGES = YES;
				DEVELOPMENT_ASSET_PATHS = "\"QuantumElectrodynamics/Preview Content\"";
				DEVELOPMENT_TEAM = 68S3YA2S68;
				ENABLE_HARDENED_RUNTIME = YES;
				ENABLE_PREVIEWS = YES;
				INFOPLIST_FILE = QuantumElectrodynamics/Info.plist;
				LD_RUNPATH_SEARCH_PATHS = (
					"$(inherited)",
					"@executable_path/../Frameworks",
				);
				MACOSX_DEPLOYMENT_TARGET = 10.15;
				PRODUCT_BUNDLE_IDENTIFIER = sciencefair.QuantumElectrodynamics;
				PRODUCT_NAME = "$(TARGET_NAME)";
				SWIFT_VERSION = 5.0;
			};
			name = Debug;
		};
		FAE3CBC0235E801500B1565F /* Release */ = {
			isa = XCBuildConfiguration;
			buildSettings = {
				ASSETCATALOG_COMPILER_APPICON_NAME = AppIcon;
				CODE_SIGN_ENTITLEMENTS = QuantumElectrodynamics/QuantumElectrodynamics.entitlements;
				CODE_SIGN_STYLE = Automatic;
				COMBINE_HIDPI_IMAGES = YES;
				DEVELOPMENT_ASSET_PATHS = "\"QuantumElectrodynamics/Preview Content\"";
				DEVELOPMENT_TEAM = 68S3YA2S68;
				ENABLE_HARDENED_RUNTIME = YES;
				ENABLE_PREVIEWS = YES;
				INFOPLIST_FILE = QuantumElectrodynamics/Info.plist;
				LD_RUNPATH_SEARCH_PATHS = (
					"$(inherited)",
					"@executable_path/../Frameworks",
				);
				MACOSX_DEPLOYMENT_TARGET = 10.15;
				PRODUCT_BUNDLE_IDENTIFIER = sciencefair.QuantumElectrodynamics;
				PRODUCT_NAME = "$(TARGET_NAME)";
				SWIFT_VERSION = 5.0;
			};
			name = Release;
		};
/* End XCBuildConfiguration section */

/* Begin XCConfigurationList section */
		FAE3CBA6235E801200B1565F /* Build configuration list for PBXProject "QuantumElectrodynamics" */ = {
			isa = XCConfigurationList;
			buildConfigurations = (
				FAE3CBBC235E801500B1565F /* Debug */,
				FAE3CBBD235E801500B1565F /* Release */,
			);
			defaultConfigurationIsVisible = 0;
			defaultConfigurationName = Release;
		};
		FAE3CBBE235E801500B1565F /* Build configuration list for PBXNativeTarget "QuantumElectrodynamics" */ = {
			isa = XCConfigurationList;
			buildConfigurations = (
				FAE3CBBF235E801500B1565F /* Debug */,
				FAE3CBC0235E801500B1565F /* Release */,
			);
			defaultConfigurationIsVisible = 0;
			defaultConfigurationName = Release;
		};
/* End XCConfigurationList section */
	};
	rootObject = FAE3CBA3235E801200B1565F /* Project object */;
}
